
Microsoft Visual Studio Solution File, Format Version 12.00
# Visual Studio 2012
Project("{2150E333-8FDC-42A3-9474-1A3956D46DE8}") = "interface", "interface", "{D1C3A6C6-2F03-4C6E-9C82-5CACD6BC5903}"
EndProject
Project("{2150E333-8FDC-42A3-9474-1A3956D46DE8}") = "presentation", "presentation", "{22F183DE-0AD3-4507-A91B-1D4E39279CF4}"
EndProject
Project("{2150E333-8FDC-42A3-9474-1A3956D46DE8}") = "src", "src", "{8AAD2591-81F4-4F96-ABCA-B7E2085F16F9}"
EndProject
Project("{2150E333-8FDC-42A3-9474-1A3956D46DE8}") = "test", "test", "{F12070D6-9E39-4182-988C-0B54ADF0A20E}"
EndProject
Project("{2150E333-8FDC-42A3-9474-1A3956D46DE8}") = "presentation", "presentation", "{A4109F46-8448-4484-A20A-B0AF33DCA56C}"
EndProject
Project("{2150E333-8FDC-42A3-9474-1A3956D46DE8}") = "web", "web", "{4B20A8CC-B273-4FD3-96B1-E3D0951EA8C3}"
EndProject
Project("{2150E333-8FDC-42A3-9474-1A3956D46DE8}") = "console", "console", "{33C1543F-77BD-4392-98BE-164710A74308}"
EndProject
Project("{FAE04EC0-301F-11D3-BF4B-00C04F79EFBC}") = "ConsoleApp", "src\interface\console\ConsoleApp.csproj", "{BD46F55C-556C-405B-AE58-BF4CA749707D}"
EndProject
Project("{FAE04EC0-301F-11D3-BF4B-00C04F79EFBC}") = "Presenter", "src\presentation\Presenter.csproj", "{873E5D8A-C860-4E7C-8B62-F7D42BF6AEE5}"
EndProject
Project("{FAE04EC0-301F-11D3-BF4B-00C04F79EFBC}") = "PresenterTest", "test\presentation\PresenterTest.csproj", "{DFF6C144-8088-4C07-BC40-FD6CB3327EA0}"
EndProject
Project("{2150E333-8FDC-42A3-9474-1A3956D46DE8}") = "resources", "resources", "{51A21406-422A-45AA-B20F-6E7DCB0989D9}"
EndProject
Project("{FAE04EC0-301F-11D3-BF4B-00C04F79EFBC}") = "Resources", "Resources\Resources.csproj", "{ABDC5AE9-31C8-452A-85AA-925ECC884288}"
EndProject
Global
	GlobalSection(SolutionConfigurationPlatforms) = preSolution
		Debug|Any CPU = Debug|Any CPU
		Release|Any CPU = Release|Any CPU
	EndGlobalSection
	GlobalSection(ProjectConfigurationPlatforms) = postSolution
		{BD46F55C-556C-405B-AE58-BF4CA749707D}.Debug|Any CPU.ActiveCfg = Debug|Any CPU
		{BD46F55C-556C-405B-AE58-BF4CA749707D}.Debug|Any CPU.Build.0 = Debug|Any CPU
		{BD46F55C-556C-405B-AE58-BF4CA749707D}.Release|Any CPU.ActiveCfg = Release|Any CPU
		{BD46F55C-556C-405B-AE58-BF4CA749707D}.Release|Any CPU.Build.0 = Release|Any CPU
		{873E5D8A-C860-4E7C-8B62-F7D42BF6AEE5}.Debug|Any CPU.ActiveCfg = Debug|Any CPU
		{873E5D8A-C860-4E7C-8B62-F7D42BF6AEE5}.Debug|Any CPU.Build.0 = Debug|Any CPU
		{873E5D8A-C860-4E7C-8B62-F7D42BF6AEE5}.Release|Any CPU.ActiveCfg = Release|Any CPU
		{873E5D8A-C860-4E7C-8B62-F7D42BF6AEE5}.Release|Any CPU.Build.0 = Release|Any CPU
		{DFF6C144-8088-4C07-BC40-FD6CB3327EA0}.Debug|Any CPU.ActiveCfg = Debug|Any CPU
		{DFF6C144-8088-4C07-BC40-FD6CB3327EA0}.Debug|Any CPU.Build.0 = Debug|Any CPU
		{DFF6C144-8088-4C07-BC40-FD6CB3327EA0}.Release|Any CPU.ActiveCfg = Release|Any CPU
		{DFF6C144-8088-4C07-BC40-FD6CB3327EA0}.Release|Any CPU.Build.0 = Release|Any CPU
		{ABDC5AE9-31C8-452A-85AA-925ECC884288}.Debug|Any CPU.ActiveCfg = Debug|Any CPU
		{ABDC5AE9-31C8-452A-85AA-925ECC884288}.Debug|Any CPU.Build.0 = Debug|Any CPU
		{ABDC5AE9-31C8-452A-85AA-925ECC884288}.Release|Any CPU.ActiveCfg = Release|Any CPU
		{ABDC5AE9-31C8-452A-85AA-925ECC884288}.Release|Any CPU.Build.0 = Release|Any CPU
	EndGlobalSection
	GlobalSection(SolutionProperties) = preSolution
		HideSolutionNode = FALSE
	EndGlobalSection
	GlobalSection(NestedProjects) = preSolution
		{22F183DE-0AD3-4507-A91B-1D4E39279CF4} = {8AAD2591-81F4-4F96-ABCA-B7E2085F16F9}
		{D1C3A6C6-2F03-4C6E-9C82-5CACD6BC5903} = {8AAD2591-81F4-4F96-ABCA-B7E2085F16F9}
		{51A21406-422A-45AA-B20F-6E7DCB0989D9} = {8AAD2591-81F4-4F96-ABCA-B7E2085F16F9}
		{873E5D8A-C860-4E7C-8B62-F7D42BF6AEE5} = {22F183DE-0AD3-4507-A91B-1D4E39279CF4}
		{4B20A8CC-B273-4FD3-96B1-E3D0951EA8C3} = {D1C3A6C6-2F03-4C6E-9C82-5CACD6BC5903}
		{33C1543F-77BD-4392-98BE-164710A74308} = {D1C3A6C6-2F03-4C6E-9C82-5CACD6BC5903}
		{A4109F46-8448-4484-A20A-B0AF33DCA56C} = {F12070D6-9E39-4182-988C-0B54ADF0A20E}
		{DFF6C144-8088-4C07-BC40-FD6CB3327EA0} = {A4109F46-8448-4484-A20A-B0AF33DCA56C}
		{BD46F55C-556C-405B-AE58-BF4CA749707D} = {33C1543F-77BD-4392-98BE-164710A74308}
		{ABDC5AE9-31C8-452A-85AA-925ECC884288} = {51A21406-422A-45AA-B20F-6E7DCB0989D9}
	EndGlobalSection
EndGlobal
